{
  "version": 2,
  "dependencies": {
    "net10.0": {
      "AsmResolver": {
        "type": "Direct",
        "requested": "[5.5.1, )",
        "resolved": "5.5.1",
        "contentHash": "bRmB4wEJWnPGywj8nAHQUaByOui1g5aqaBTwY3t+8YYokae1HZJffBx1p/XShRYJ3+/owHNQX3EPFJ4b+AAkxw=="
      },
      "AsmResolver.DotNet": {
        "type": "Direct",
        "requested": "[5.5.1, )",
        "resolved": "5.5.1",
        "contentHash": "J9C/Aqi6PlPWu0mZQpxPmH7nhxTCDuTgaEiTRKdqgvWu/r07gEe8f6tx1JOqzW5xjIBKQyZst5/HfHvYaRvvfA==",
        "dependencies": {
          "AsmResolver.PE": "5.5.1",
          "System.Text.Json": "6.0.8"
        }
      },
      "Microsoft.DotNet.ILCompiler": {
        "type": "Direct",
        "requested": "[10.0.0, )",
        "resolved": "10.0.0",
        "contentHash": "f9u8fMRROe2lS5MOOLutK6iSNTK9pC3kqd90FIn8Sk29fbZ0QDjZrBbwUkhouk/8dppC71SIEQaag0lGRTxvfA=="
      },
      "Microsoft.NET.ILLink.Tasks": {
        "type": "Direct",
        "requested": "[10.0.0, )",
        "resolved": "10.0.0",
        "contentHash": "kICGrGYEzCNI3wPzfEXcwNHgTvlvVn9yJDhSdRK+oZQy4jvYH529u7O0xf5ocQKzOMjfS07+3z9PKRIjrFMJDA=="
      },
      "System.CommandLine": {
        "type": "Direct",
        "requested": "[2.0.0-rc.1.25451.107, )",
        "resolved": "2.0.0-rc.1.25451.107",
        "contentHash": "j+0Yg2TZ5rwbGTRArdF9w993dGWCPRbD+lg3S0D6MLckrKQ3J70s52TlbxKlISsoXUP/X+e6uPocbkKjP3wSag=="
      },
      "System.Text.Json": {
        "type": "Direct",
        "requested": "[10.0.0, )",
        "resolved": "10.0.0",
        "contentHash": "1Dpjwq9peG/Wt5BNbrzIhTpclfOSqBWZsUO28vVr59yQlkvL5jLBWfpfzRmJ1OY+6DciaY0DUcltyzs4fuZHjw=="
      },
      "AsmResolver.PE": {
        "type": "Transitive",
        "resolved": "5.5.1",
        "contentHash": "PD6kwI6sNPGky2jJmGH1sseQvCGhQosQIElpaiA393mhafiSH0J8Q0re+mQ1yrtjd76TSBrd1JqwgjsM+mXe/g==",
        "dependencies": {
          "AsmResolver.PE.File": "5.5.1"
        }
      },
      "AsmResolver.PE.File": {
        "type": "Transitive",
        "resolved": "5.5.1",
        "contentHash": "1UO4pAOp9URrxItUr9ORnRn8UybQ7k5m0lWbXWFu0RzsL3xrgfV+7j2HfAEZRj9bG7uVE4q2UFQ8K/dORVPfTg==",
        "dependencies": {
          "AsmResolver": "5.5.1"
        }
      },
      "coplt.com2.definemodel": {
        "type": "Project"
      }
    }
  }
}